// !$*UTF8*$!
{
	archiveVersion = 1;
	classes = {
	};
	objectVersion = 46;
	objects = {

/* Begin PBXBuildFile section */
		79B01DE0F56B48A58F9CDFAE /* libPods-Mapiz.a in Frameworks */ = {isa = PBXBuildFile; fileRef = 9D9D8A34316E4AEAB82DC150 /* libPods-Mapiz.a */; };
		7E48D63D19A2278400002537 /* Strings.strings in Resources */ = {isa = PBXBuildFile; fileRef = 7E48D63C19A2278400002537 /* Strings.strings */; };
		7E48D64119A3613E00002537 /* MapizSettingsViewController.m in Sources */ = {isa = PBXBuildFile; fileRef = 7E48D64019A3613E00002537 /* MapizSettingsViewController.m */; };
		7E7BA19D199424010090D9ED /* MapKit.framework in Frameworks */ = {isa = PBXBuildFile; fileRef = 7E7BA19C199424010090D9ED /* MapKit.framework */; };
		7E7BA1A319952A770090D9ED /* MapViewController.m in Sources */ = {isa = PBXBuildFile; fileRef = 7E7BA1A219952A770090D9ED /* MapViewController.m */; };
		7E7BA1A619953D430090D9ED /* InboxViewController.m in Sources */ = {isa = PBXBuildFile; fileRef = 7E7BA1A519953D430090D9ED /* InboxViewController.m */; };
		7E7BA1A919954B500090D9ED /* FriendsViewController.m in Sources */ = {isa = PBXBuildFile; fileRef = 7E7BA1A819954B500090D9ED /* FriendsViewController.m */; };
		7E7BA1AB19958AC50090D9ED /* ic_marker_blue.png in Resources */ = {isa = PBXBuildFile; fileRef = 7E7BA1AA19958AC50090D9ED /* ic_marker_blue.png */; };
		7E7BA1B319958ECE0090D9ED /* ic_marker_black.png in Resources */ = {isa = PBXBuildFile; fileRef = 7E7BA1AE19958ECE0090D9ED /* ic_marker_black.png */; };
		7E7BA1B419958ECE0090D9ED /* ic_marker_green.png in Resources */ = {isa = PBXBuildFile; fileRef = 7E7BA1AF19958ECE0090D9ED /* ic_marker_green.png */; };
		7E7BA1B519958ECE0090D9ED /* ic_marker_orange.png in Resources */ = {isa = PBXBuildFile; fileRef = 7E7BA1B019958ECE0090D9ED /* ic_marker_orange.png */; };
		7E7BA1B619958ECE0090D9ED /* ic_marker_purple.png in Resources */ = {isa = PBXBuildFile; fileRef = 7E7BA1B119958ECE0090D9ED /* ic_marker_purple.png */; };
		7E7BA1B719958ECE0090D9ED /* ic_marker_red.png in Resources */ = {isa = PBXBuildFile; fileRef = 7E7BA1B219958ECE0090D9ED /* ic_marker_red.png */; };
		7E7BA1B919958F540090D9ED /* ic_marker_yellow.png in Resources */ = {isa = PBXBuildFile; fileRef = 7E7BA1B819958F540090D9ED /* ic_marker_yellow.png */; };
		7E7BA1BD199590700090D9ED /* MapizPin.m in Sources */ = {isa = PBXBuildFile; fileRef = 7E7BA1BC199590700090D9ED /* MapizPin.m */; };
		7E7BA1C61995AD950090D9ED /* Damion-Regular.ttf in Resources */ = {isa = PBXBuildFile; fileRef = 7E7BA1BF1995AD950090D9ED /* Damion-Regular.ttf */; };
		7E7BA1C71995AD950090D9ED /* FontAwesome.ttf in Resources */ = {isa = PBXBuildFile; fileRef = 7E7BA1C01995AD950090D9ED /* FontAwesome.ttf */; };
		7E7BA1C81995AD950090D9ED /* glyphicons-halflings-regular.ttf in Resources */ = {isa = PBXBuildFile; fileRef = 7E7BA1C11995AD950090D9ED /* glyphicons-halflings-regular.ttf */; };
		7E7BA1C91995AD950090D9ED /* Glyphicons.ttf in Resources */ = {isa = PBXBuildFile; fileRef = 7E7BA1C21995AD950090D9ED /* Glyphicons.ttf */; };
		7E7BA1CA1995AD950090D9ED /* glyphicons-social-regular.ttf in Resources */ = {isa = PBXBuildFile; fileRef = 7E7BA1C31995AD950090D9ED /* glyphicons-social-regular.ttf */; };
		7E7BA1CB1995AD950090D9ED /* octicons.ttf in Resources */ = {isa = PBXBuildFile; fileRef = 7E7BA1C41995AD950090D9ED /* octicons.ttf */; };
		7E7BA1CC1995AD950090D9ED /* weathericons-regular-webfont.ttf in Resources */ = {isa = PBXBuildFile; fileRef = 7E7BA1C51995AD950090D9ED /* weathericons-regular-webfont.ttf */; };
		7E7BA1D01995B6980090D9ED /* MapizPrimaryImportantButton.m in Sources */ = {isa = PBXBuildFile; fileRef = 7E7BA1CF1995B6980090D9ED /* MapizPrimaryImportantButton.m */; };
		7E7BA1D319961DF90090D9ED /* MapizPrimaryImportantCircleButton.m in Sources */ = {isa = PBXBuildFile; fileRef = 7E7BA1D219961DF90090D9ED /* MapizPrimaryImportantCircleButton.m */; };
		7E7BA1D619964DF90090D9ED /* MapizSplashViewController.m in Sources */ = {isa = PBXBuildFile; fileRef = 7E7BA1D519964DF90090D9ED /* MapizSplashViewController.m */; };
		7E7BA1D919964E2B0090D9ED /* MapizAuthViewController.m in Sources */ = {isa = PBXBuildFile; fileRef = 7E7BA1D819964E2B0090D9ED /* MapizAuthViewController.m */; };
		7E7BA1DC19964E990090D9ED /* MapizLoginViewController.m in Sources */ = {isa = PBXBuildFile; fileRef = 7E7BA1DB19964E990090D9ED /* MapizLoginViewController.m */; };
		7E7BA1DF19964EF20090D9ED /* MapizSignupViewController.m in Sources */ = {isa = PBXBuildFile; fileRef = 7E7BA1DE19964EF20090D9ED /* MapizSignupViewController.m */; };
		7E7BA1E119964F3F0090D9ED /* ic_launcher.png in Resources */ = {isa = PBXBuildFile; fileRef = 7E7BA1E019964F3F0090D9ED /* ic_launcher.png */; };
		7E7BA1E41996A3800090D9ED /* MapizSecondaryImportantButton.m in Sources */ = {isa = PBXBuildFile; fileRef = 7E7BA1E31996A3800090D9ED /* MapizSecondaryImportantButton.m */; };
		7E7BA1E71996A4DC0090D9ED /* MapizDangerImportantButton.m in Sources */ = {isa = PBXBuildFile; fileRef = 7E7BA1E61996A4DC0090D9ED /* MapizDangerImportantButton.m */; };
		7EAA9D531994122A000A8588 /* Foundation.framework in Frameworks */ = {isa = PBXBuildFile; fileRef = 7EAA9D521994122A000A8588 /* Foundation.framework */; };
		7EAA9D551994122A000A8588 /* CoreGraphics.framework in Frameworks */ = {isa = PBXBuildFile; fileRef = 7EAA9D541994122A000A8588 /* CoreGraphics.framework */; };
		7EAA9D571994122A000A8588 /* UIKit.framework in Frameworks */ = {isa = PBXBuildFile; fileRef = 7EAA9D561994122A000A8588 /* UIKit.framework */; };
		7EAA9D5D1994122A000A8588 /* InfoPlist.strings in Resources */ = {isa = PBXBuildFile; fileRef = 7EAA9D5B1994122A000A8588 /* InfoPlist.strings */; };
		7EAA9D5F1994122A000A8588 /* main.m in Sources */ = {isa = PBXBuildFile; fileRef = 7EAA9D5E1994122A000A8588 /* main.m */; };
		7EAA9D631994122A000A8588 /* MapizAppDelegate.m in Sources */ = {isa = PBXBuildFile; fileRef = 7EAA9D621994122A000A8588 /* MapizAppDelegate.m */; };
		7EAA9D661994122A000A8588 /* Main.storyboard in Resources */ = {isa = PBXBuildFile; fileRef = 7EAA9D641994122A000A8588 /* Main.storyboard */; };
		7EAA9D691994122A000A8588 /* MapizViewController.m in Sources */ = {isa = PBXBuildFile; fileRef = 7EAA9D681994122A000A8588 /* MapizViewController.m */; };
		7EAA9D6B1994122A000A8588 /* Images.xcassets in Resources */ = {isa = PBXBuildFile; fileRef = 7EAA9D6A1994122A000A8588 /* Images.xcassets */; };
		7EAA9D721994122A000A8588 /* XCTest.framework in Frameworks */ = {isa = PBXBuildFile; fileRef = 7EAA9D711994122A000A8588 /* XCTest.framework */; };
		7EAA9D731994122A000A8588 /* Foundation.framework in Frameworks */ = {isa = PBXBuildFile; fileRef = 7EAA9D521994122A000A8588 /* Foundation.framework */; };
		7EAA9D741994122A000A8588 /* UIKit.framework in Frameworks */ = {isa = PBXBuildFile; fileRef = 7EAA9D561994122A000A8588 /* UIKit.framework */; };
		7EAA9D7C1994122A000A8588 /* InfoPlist.strings in Resources */ = {isa = PBXBuildFile; fileRef = 7EAA9D7A1994122A000A8588 /* InfoPlist.strings */; };
		7EAA9D7E1994122A000A8588 /* MapizTests.m in Sources */ = {isa = PBXBuildFile; fileRef = 7EAA9D7D1994122A000A8588 /* MapizTests.m */; };
		7EDB961819978FF9005107D1 /* MapizUser.m in Sources */ = {isa = PBXBuildFile; fileRef = 7EDB961719978FF9005107D1 /* MapizUser.m */; };
		7EDB961A1997F3A9005107D1 /* libsqlite3.dylib in Frameworks */ = {isa = PBXBuildFile; fileRef = 7EDB96191997F3A9005107D1 /* libsqlite3.dylib */; };
		7EDB961D1997F3C8005107D1 /* MapizDBManager.m in Sources */ = {isa = PBXBuildFile; fileRef = 7EDB961C1997F3C8005107D1 /* MapizDBManager.m */; };
		7EDB961F199801AA005107D1 /* Security.framework in Frameworks */ = {isa = PBXBuildFile; fileRef = 7EDB961E199801AA005107D1 /* Security.framework */; };
		7EDB96251998071C005107D1 /* JNKeychain.m in Sources */ = {isa = PBXBuildFile; fileRef = 7EDB96241998071C005107D1 /* JNKeychain.m */; };
		7EDB962819980E02005107D1 /* MapizToken.m in Sources */ = {isa = PBXBuildFile; fileRef = 7EDB962719980E02005107D1 /* MapizToken.m */; };
		7EDB9631199854DE005107D1 /* MapizDDPClient.m in Sources */ = {isa = PBXBuildFile; fileRef = 7EDB9630199854DE005107D1 /* MapizDDPClient.m */; };
		7EDB96341999729A005107D1 /* ToastView.m in Sources */ = {isa = PBXBuildFile; fileRef = 7EDB96331999729A005107D1 /* ToastView.m */; };
		7EDB9637199A2CEC005107D1 /* ILTranslucentView.m in Sources */ = {isa = PBXBuildFile; fileRef = 7EDB9636199A2CEC005107D1 /* ILTranslucentView.m */; };
		7EDB963D199C21C6005107D1 /* UIColor+CustomColors.m in Sources */ = {isa = PBXBuildFile; fileRef = 7EDB963C199C21C6005107D1 /* UIColor+CustomColors.m */; };
		7EDB9640199C2A4B005107D1 /* MapizPinTableViewCell.m in Sources */ = {isa = PBXBuildFile; fileRef = 7EDB963F199C2A4B005107D1 /* MapizPinTableViewCell.m */; };
		7EDB9643199E2F3D005107D1 /* MapizPinViewController.m in Sources */ = {isa = PBXBuildFile; fileRef = 7EDB9642199E2F3D005107D1 /* MapizPinViewController.m */; };
		7EDB9646199E5BD4005107D1 /* MapizAnnotation.m in Sources */ = {isa = PBXBuildFile; fileRef = 7EDB9645199E5BD4005107D1 /* MapizAnnotation.m */; };
		7EDB9648199F781C005107D1 /* PinView.xib in Resources */ = {isa = PBXBuildFile; fileRef = 7EDB9647199F781C005107D1 /* PinView.xib */; };
		7EDB964B199F7A6B005107D1 /* MapizPinView.m in Sources */ = {isa = PBXBuildFile; fileRef = 7EDB964A199F7A6B005107D1 /* MapizPinView.m */; };
		7EDB964E19A10446005107D1 /* CLLocation+Bearing.m in Sources */ = {isa = PBXBuildFile; fileRef = 7EDB964D19A10446005107D1 /* CLLocation+Bearing.m */; };
/* End PBXBuildFile section */

/* Begin PBXContainerItemProxy section */
		7EAA9D751994122A000A8588 /* PBXContainerItemProxy */ = {
			isa = PBXContainerItemProxy;
			containerPortal = 7EAA9D471994122A000A8588 /* Project object */;
			proxyType = 1;
			remoteGlobalIDString = 7EAA9D4E1994122A000A8588;
			remoteInfo = Mapiz;
		};
/* End PBXContainerItemProxy section */

/* Begin PBXFileReference section */
		1AD132EAA6F74C6C9AAEDB3C /* Pods-Mapiz.xcconfig */ = {isa = PBXFileReference; includeInIndex = 1; lastKnownFileType = text.xcconfig; name = "Pods-Mapiz.xcconfig"; path = "Pods/Pods-Mapiz.xcconfig"; sourceTree = "<group>"; };
		7E48D63C19A2278400002537 /* Strings.strings */ = {isa = PBXFileReference; fileEncoding = 4; lastKnownFileType = text.plist.strings; path = Strings.strings; sourceTree = "<group>"; };
		7E48D63F19A3613E00002537 /* MapizSettingsViewController.h */ = {isa = PBXFileReference; fileEncoding = 4; lastKnownFileType = sourcecode.c.h; path = MapizSettingsViewController.h; sourceTree = "<group>"; };
		7E48D64019A3613E00002537 /* MapizSettingsViewController.m */ = {isa = PBXFileReference; fileEncoding = 4; lastKnownFileType = sourcecode.c.objc; path = MapizSettingsViewController.m; sourceTree = "<group>"; };
		7E7BA19C199424010090D9ED /* MapKit.framework */ = {isa = PBXFileReference; lastKnownFileType = wrapper.framework; name = MapKit.framework; path = System/Library/Frameworks/MapKit.framework; sourceTree = SDKROOT; };
		7E7BA1A119952A770090D9ED /* MapViewController.h */ = {isa = PBXFileReference; fileEncoding = 4; lastKnownFileType = sourcecode.c.h; path = MapViewController.h; sourceTree = "<group>"; };
		7E7BA1A219952A770090D9ED /* MapViewController.m */ = {isa = PBXFileReference; fileEncoding = 4; lastKnownFileType = sourcecode.c.objc; path = MapViewController.m; sourceTree = "<group>"; };
		7E7BA1A419953D430090D9ED /* InboxViewController.h */ = {isa = PBXFileReference; fileEncoding = 4; lastKnownFileType = sourcecode.c.h; path = InboxViewController.h; sourceTree = "<group>"; };
		7E7BA1A519953D430090D9ED /* InboxViewController.m */ = {isa = PBXFileReference; fileEncoding = 4; lastKnownFileType = sourcecode.c.objc; path = InboxViewController.m; sourceTree = "<group>"; };
		7E7BA1A719954B500090D9ED /* FriendsViewController.h */ = {isa = PBXFileReference; fileEncoding = 4; lastKnownFileType = sourcecode.c.h; path = FriendsViewController.h; sourceTree = "<group>"; };
		7E7BA1A819954B500090D9ED /* FriendsViewController.m */ = {isa = PBXFileReference; fileEncoding = 4; lastKnownFileType = sourcecode.c.objc; path = FriendsViewController.m; sourceTree = "<group>"; };
		7E7BA1AA19958AC50090D9ED /* ic_marker_blue.png */ = {isa = PBXFileReference; lastKnownFileType = image.png; name = ic_marker_blue.png; path = "../../../../Workspace/java/Mapiz/mobile/src/main/res/drawable-xxhdpi/ic_marker_blue.png"; sourceTree = "<group>"; };
		7E7BA1AE19958ECE0090D9ED /* ic_marker_black.png */ = {isa = PBXFileReference; lastKnownFileType = image.png; path = ic_marker_black.png; sourceTree = "<group>"; };
		7E7BA1AF19958ECE0090D9ED /* ic_marker_green.png */ = {isa = PBXFileReference; lastKnownFileType = image.png; path = ic_marker_green.png; sourceTree = "<group>"; };
		7E7BA1B019958ECE0090D9ED /* ic_marker_orange.png */ = {isa = PBXFileReference; lastKnownFileType = image.png; path = ic_marker_orange.png; sourceTree = "<group>"; };
		7E7BA1B119958ECE0090D9ED /* ic_marker_purple.png */ = {isa = PBXFileReference; lastKnownFileType = image.png; path = ic_marker_purple.png; sourceTree = "<group>"; };
		7E7BA1B219958ECE0090D9ED /* ic_marker_red.png */ = {isa = PBXFileReference; lastKnownFileType = image.png; path = ic_marker_red.png; sourceTree = "<group>"; };
		7E7BA1B819958F540090D9ED /* ic_marker_yellow.png */ = {isa = PBXFileReference; lastKnownFileType = image.png; path = ic_marker_yellow.png; sourceTree = "<group>"; };
		7E7BA1BB199590700090D9ED /* MapizPin.h */ = {isa = PBXFileReference; fileEncoding = 4; lastKnownFileType = sourcecode.c.h; path = MapizPin.h; sourceTree = "<group>"; };
		7E7BA1BC199590700090D9ED /* MapizPin.m */ = {isa = PBXFileReference; fileEncoding = 4; lastKnownFileType = sourcecode.c.objc; path = MapizPin.m; sourceTree = "<group>"; };
		7E7BA1BF1995AD950090D9ED /* Damion-Regular.ttf */ = {isa = PBXFileReference; lastKnownFileType = file; path = "Damion-Regular.ttf"; sourceTree = "<group>"; };
		7E7BA1C01995AD950090D9ED /* FontAwesome.ttf */ = {isa = PBXFileReference; lastKnownFileType = file; path = FontAwesome.ttf; sourceTree = "<group>"; };
		7E7BA1C11995AD950090D9ED /* glyphicons-halflings-regular.ttf */ = {isa = PBXFileReference; lastKnownFileType = file; path = "glyphicons-halflings-regular.ttf"; sourceTree = "<group>"; };
		7E7BA1C21995AD950090D9ED /* Glyphicons.ttf */ = {isa = PBXFileReference; lastKnownFileType = file; path = Glyphicons.ttf; sourceTree = "<group>"; };
		7E7BA1C31995AD950090D9ED /* glyphicons-social-regular.ttf */ = {isa = PBXFileReference; lastKnownFileType = file; path = "glyphicons-social-regular.ttf"; sourceTree = "<group>"; };
		7E7BA1C41995AD950090D9ED /* octicons.ttf */ = {isa = PBXFileReference; lastKnownFileType = file; path = octicons.ttf; sourceTree = "<group>"; };
		7E7BA1C51995AD950090D9ED /* weathericons-regular-webfont.ttf */ = {isa = PBXFileReference; lastKnownFileType = file; path = "weathericons-regular-webfont.ttf"; sourceTree = "<group>"; };
		7E7BA1CE1995B6980090D9ED /* MapizPrimaryImportantButton.h */ = {isa = PBXFileReference; fileEncoding = 4; lastKnownFileType = sourcecode.c.h; path = MapizPrimaryImportantButton.h; sourceTree = "<group>"; };
		7E7BA1CF1995B6980090D9ED /* MapizPrimaryImportantButton.m */ = {isa = PBXFileReference; fileEncoding = 4; lastKnownFileType = sourcecode.c.objc; path = MapizPrimaryImportantButton.m; sourceTree = "<group>"; };
		7E7BA1D119961DF90090D9ED /* MapizPrimaryImportantCircleButton.h */ = {isa = PBXFileReference; fileEncoding = 4; lastKnownFileType = sourcecode.c.h; path = MapizPrimaryImportantCircleButton.h; sourceTree = "<group>"; };
		7E7BA1D219961DF90090D9ED /* MapizPrimaryImportantCircleButton.m */ = {isa = PBXFileReference; fileEncoding = 4; lastKnownFileType = sourcecode.c.objc; path = MapizPrimaryImportantCircleButton.m; sourceTree = "<group>"; };
		7E7BA1D419964DF90090D9ED /* MapizSplashViewController.h */ = {isa = PBXFileReference; fileEncoding = 4; lastKnownFileType = sourcecode.c.h; path = MapizSplashViewController.h; sourceTree = "<group>"; };
		7E7BA1D519964DF90090D9ED /* MapizSplashViewController.m */ = {isa = PBXFileReference; fileEncoding = 4; lastKnownFileType = sourcecode.c.objc; path = MapizSplashViewController.m; sourceTree = "<group>"; };
		7E7BA1D719964E2B0090D9ED /* MapizAuthViewController.h */ = {isa = PBXFileReference; fileEncoding = 4; lastKnownFileType = sourcecode.c.h; path = MapizAuthViewController.h; sourceTree = "<group>"; };
		7E7BA1D819964E2B0090D9ED /* MapizAuthViewController.m */ = {isa = PBXFileReference; fileEncoding = 4; lastKnownFileType = sourcecode.c.objc; path = MapizAuthViewController.m; sourceTree = "<group>"; };
		7E7BA1DA19964E990090D9ED /* MapizLoginViewController.h */ = {isa = PBXFileReference; fileEncoding = 4; lastKnownFileType = sourcecode.c.h; path = MapizLoginViewController.h; sourceTree = "<group>"; };
		7E7BA1DB19964E990090D9ED /* MapizLoginViewController.m */ = {isa = PBXFileReference; fileEncoding = 4; lastKnownFileType = sourcecode.c.objc; path = MapizLoginViewController.m; sourceTree = "<group>"; };
		7E7BA1DD19964EF20090D9ED /* MapizSignupViewController.h */ = {isa = PBXFileReference; fileEncoding = 4; lastKnownFileType = sourcecode.c.h; path = MapizSignupViewController.h; sourceTree = "<group>"; };
		7E7BA1DE19964EF20090D9ED /* MapizSignupViewController.m */ = {isa = PBXFileReference; fileEncoding = 4; lastKnownFileType = sourcecode.c.objc; path = MapizSignupViewController.m; sourceTree = "<group>"; };
		7E7BA1E019964F3F0090D9ED /* ic_launcher.png */ = {isa = PBXFileReference; lastKnownFileType = image.png; name = ic_launcher.png; path = Mapiz/ic_launcher.png; sourceTree = "<group>"; };
		7E7BA1E21996A3800090D9ED /* MapizSecondaryImportantButton.h */ = {isa = PBXFileReference; fileEncoding = 4; lastKnownFileType = sourcecode.c.h; path = MapizSecondaryImportantButton.h; sourceTree = "<group>"; };
		7E7BA1E31996A3800090D9ED /* MapizSecondaryImportantButton.m */ = {isa = PBXFileReference; fileEncoding = 4; lastKnownFileType = sourcecode.c.objc; path = MapizSecondaryImportantButton.m; sourceTree = "<group>"; };
		7E7BA1E51996A4DC0090D9ED /* MapizDangerImportantButton.h */ = {isa = PBXFileReference; fileEncoding = 4; lastKnownFileType = sourcecode.c.h; path = MapizDangerImportantButton.h; sourceTree = "<group>"; };
		7E7BA1E61996A4DC0090D9ED /* MapizDangerImportantButton.m */ = {isa = PBXFileReference; fileEncoding = 4; lastKnownFileType = sourcecode.c.objc; path = MapizDangerImportantButton.m; sourceTree = "<group>"; };
		7EAA9D4F1994122A000A8588 /* Mapiz.app */ = {isa = PBXFileReference; explicitFileType = wrapper.application; includeInIndex = 0; path = Mapiz.app; sourceTree = BUILT_PRODUCTS_DIR; };
		7EAA9D521994122A000A8588 /* Foundation.framework */ = {isa = PBXFileReference; lastKnownFileType = wrapper.framework; name = Foundation.framework; path = System/Library/Frameworks/Foundation.framework; sourceTree = SDKROOT; };
		7EAA9D541994122A000A8588 /* CoreGraphics.framework */ = {isa = PBXFileReference; lastKnownFileType = wrapper.framework; name = CoreGraphics.framework; path = System/Library/Frameworks/CoreGraphics.framework; sourceTree = SDKROOT; };
		7EAA9D561994122A000A8588 /* UIKit.framework */ = {isa = PBXFileReference; lastKnownFileType = wrapper.framework; name = UIKit.framework; path = System/Library/Frameworks/UIKit.framework; sourceTree = SDKROOT; };
		7EAA9D5A1994122A000A8588 /* Mapiz-Info.plist */ = {isa = PBXFileReference; lastKnownFileType = text.plist.xml; path = "Mapiz-Info.plist"; sourceTree = "<group>"; };
		7EAA9D5C1994122A000A8588 /* en */ = {isa = PBXFileReference; lastKnownFileType = text.plist.strings; name = en; path = en.lproj/InfoPlist.strings; sourceTree = "<group>"; };
		7EAA9D5E1994122A000A8588 /* main.m */ = {isa = PBXFileReference; lastKnownFileType = sourcecode.c.objc; path = main.m; sourceTree = "<group>"; };
		7EAA9D601994122A000A8588 /* Mapiz-Prefix.pch */ = {isa = PBXFileReference; lastKnownFileType = sourcecode.c.h; path = "Mapiz-Prefix.pch"; sourceTree = "<group>"; };
		7EAA9D611994122A000A8588 /* MapizAppDelegate.h */ = {isa = PBXFileReference; lastKnownFileType = sourcecode.c.h; path = MapizAppDelegate.h; sourceTree = "<group>"; };
		7EAA9D621994122A000A8588 /* MapizAppDelegate.m */ = {isa = PBXFileReference; lastKnownFileType = sourcecode.c.objc; path = MapizAppDelegate.m; sourceTree = "<group>"; };
		7EAA9D651994122A000A8588 /* Base */ = {isa = PBXFileReference; lastKnownFileType = file.storyboard; name = Base; path = Base.lproj/Main.storyboard; sourceTree = "<group>"; };
		7EAA9D671994122A000A8588 /* MapizViewController.h */ = {isa = PBXFileReference; lastKnownFileType = sourcecode.c.h; path = MapizViewController.h; sourceTree = "<group>"; };
		7EAA9D681994122A000A8588 /* MapizViewController.m */ = {isa = PBXFileReference; lastKnownFileType = sourcecode.c.objc; path = MapizViewController.m; sourceTree = "<group>"; };
		7EAA9D6A1994122A000A8588 /* Images.xcassets */ = {isa = PBXFileReference; lastKnownFileType = folder.assetcatalog; path = Images.xcassets; sourceTree = "<group>"; };
		7EAA9D701994122A000A8588 /* MapizTests.xctest */ = {isa = PBXFileReference; explicitFileType = wrapper.cfbundle; includeInIndex = 0; path = MapizTests.xctest; sourceTree = BUILT_PRODUCTS_DIR; };
		7EAA9D711994122A000A8588 /* XCTest.framework */ = {isa = PBXFileReference; lastKnownFileType = wrapper.framework; name = XCTest.framework; path = Library/Frameworks/XCTest.framework; sourceTree = DEVELOPER_DIR; };
		7EAA9D791994122A000A8588 /* MapizTests-Info.plist */ = {isa = PBXFileReference; lastKnownFileType = text.plist.xml; path = "MapizTests-Info.plist"; sourceTree = "<group>"; };
		7EAA9D7B1994122A000A8588 /* en */ = {isa = PBXFileReference; lastKnownFileType = text.plist.strings; name = en; path = en.lproj/InfoPlist.strings; sourceTree = "<group>"; };
		7EAA9D7D1994122A000A8588 /* MapizTests.m */ = {isa = PBXFileReference; lastKnownFileType = sourcecode.c.objc; path = MapizTests.m; sourceTree = "<group>"; };
		7EDB96141996E55B005107D1 /* IQKeyboardManager.bundle */ = {isa = PBXFileReference; lastKnownFileType = "wrapper.plug-in"; name = IQKeyboardManager.bundle; path = Pods/IQKeyboardManager/KeyboardTextFieldDemo/IQKeyBoardManager/IQKeyboardManager.bundle; sourceTree = "<group>"; };
		7EDB961619978FF9005107D1 /* MapizUser.h */ = {isa = PBXFileReference; fileEncoding = 4; lastKnownFileType = sourcecode.c.h; path = MapizUser.h; sourceTree = "<group>"; };
		7EDB961719978FF9005107D1 /* MapizUser.m */ = {isa = PBXFileReference; fileEncoding = 4; lastKnownFileType = sourcecode.c.objc; path = MapizUser.m; sourceTree = "<group>"; };
		7EDB96191997F3A9005107D1 /* libsqlite3.dylib */ = {isa = PBXFileReference; lastKnownFileType = "compiled.mach-o.dylib"; name = libsqlite3.dylib; path = usr/lib/libsqlite3.dylib; sourceTree = SDKROOT; };
		7EDB961B1997F3C8005107D1 /* MapizDBManager.h */ = {isa = PBXFileReference; fileEncoding = 4; lastKnownFileType = sourcecode.c.h; path = MapizDBManager.h; sourceTree = "<group>"; };
		7EDB961C1997F3C8005107D1 /* MapizDBManager.m */ = {isa = PBXFileReference; fileEncoding = 4; lastKnownFileType = sourcecode.c.objc; path = MapizDBManager.m; sourceTree = "<group>"; };
		7EDB961E199801AA005107D1 /* Security.framework */ = {isa = PBXFileReference; lastKnownFileType = wrapper.framework; name = Security.framework; path = System/Library/Frameworks/Security.framework; sourceTree = SDKROOT; };
		7EDB96231998071C005107D1 /* JNKeychain.h */ = {isa = PBXFileReference; fileEncoding = 4; lastKnownFileType = sourcecode.c.h; path = JNKeychain.h; sourceTree = "<group>"; };
		7EDB96241998071C005107D1 /* JNKeychain.m */ = {isa = PBXFileReference; fileEncoding = 4; lastKnownFileType = sourcecode.c.objc; path = JNKeychain.m; sourceTree = "<group>"; };
		7EDB962619980E02005107D1 /* MapizToken.h */ = {isa = PBXFileReference; fileEncoding = 4; lastKnownFileType = sourcecode.c.h; path = MapizToken.h; sourceTree = "<group>"; };
		7EDB962719980E02005107D1 /* MapizToken.m */ = {isa = PBXFileReference; fileEncoding = 4; lastKnownFileType = sourcecode.c.objc; path = MapizToken.m; sourceTree = "<group>"; };
		7EDB962F199854DE005107D1 /* MapizDDPClient.h */ = {isa = PBXFileReference; fileEncoding = 4; lastKnownFileType = sourcecode.c.h; path = MapizDDPClient.h; sourceTree = "<group>"; };
		7EDB9630199854DE005107D1 /* MapizDDPClient.m */ = {isa = PBXFileReference; fileEncoding = 4; lastKnownFileType = sourcecode.c.objc; path = MapizDDPClient.m; sourceTree = "<group>"; };
		7EDB96321999729A005107D1 /* ToastView.h */ = {isa = PBXFileReference; fileEncoding = 4; lastKnownFileType = sourcecode.c.h; path = ToastView.h; sourceTree = "<group>"; };
		7EDB96331999729A005107D1 /* ToastView.m */ = {isa = PBXFileReference; fileEncoding = 4; lastKnownFileType = sourcecode.c.objc; path = ToastView.m; sourceTree = "<group>"; };
		7EDB9635199A2CEC005107D1 /* ILTranslucentView.h */ = {isa = PBXFileReference; fileEncoding = 4; lastKnownFileType = sourcecode.c.h; path = ILTranslucentView.h; sourceTree = "<group>"; };
		7EDB9636199A2CEC005107D1 /* ILTranslucentView.m */ = {isa = PBXFileReference; fileEncoding = 4; lastKnownFileType = sourcecode.c.objc; path = ILTranslucentView.m; sourceTree = "<group>"; };
		7EDB963B199C21C6005107D1 /* UIColor+CustomColors.h */ = {isa = PBXFileReference; fileEncoding = 4; lastKnownFileType = sourcecode.c.h; path = "UIColor+CustomColors.h"; sourceTree = "<group>"; };
		7EDB963C199C21C6005107D1 /* UIColor+CustomColors.m */ = {isa = PBXFileReference; fileEncoding = 4; lastKnownFileType = sourcecode.c.objc; path = "UIColor+CustomColors.m"; sourceTree = "<group>"; };
		7EDB963E199C2A4B005107D1 /* MapizPinTableViewCell.h */ = {isa = PBXFileReference; fileEncoding = 4; lastKnownFileType = sourcecode.c.h; path = MapizPinTableViewCell.h; sourceTree = "<group>"; };
		7EDB963F199C2A4B005107D1 /* MapizPinTableViewCell.m */ = {isa = PBXFileReference; fileEncoding = 4; lastKnownFileType = sourcecode.c.objc; path = MapizPinTableViewCell.m; sourceTree = "<group>"; };
		7EDB9641199E2F3D005107D1 /* MapizPinViewController.h */ = {isa = PBXFileReference; fileEncoding = 4; lastKnownFileType = sourcecode.c.h; path = MapizPinViewController.h; sourceTree = "<group>"; };
		7EDB9642199E2F3D005107D1 /* MapizPinViewController.m */ = {isa = PBXFileReference; fileEncoding = 4; lastKnownFileType = sourcecode.c.objc; path = MapizPinViewController.m; sourceTree = "<group>"; };
		7EDB9644199E5BD4005107D1 /* MapizAnnotation.h */ = {isa = PBXFileReference; fileEncoding = 4; lastKnownFileType = sourcecode.c.h; path = MapizAnnotation.h; sourceTree = "<group>"; };
		7EDB9645199E5BD4005107D1 /* MapizAnnotation.m */ = {isa = PBXFileReference; fileEncoding = 4; lastKnownFileType = sourcecode.c.objc; path = MapizAnnotation.m; sourceTree = "<group>"; };
		7EDB9647199F781C005107D1 /* PinView.xib */ = {isa = PBXFileReference; fileEncoding = 4; lastKnownFileType = file.xib; path = PinView.xib; sourceTree = "<group>"; };
		7EDB9649199F7A6B005107D1 /* MapizPinView.h */ = {isa = PBXFileReference; fileEncoding = 4; lastKnownFileType = sourcecode.c.h; path = MapizPinView.h; sourceTree = "<group>"; };
		7EDB964A199F7A6B005107D1 /* MapizPinView.m */ = {isa = PBXFileReference; fileEncoding = 4; lastKnownFileType = sourcecode.c.objc; path = MapizPinView.m; sourceTree = "<group>"; };
		7EDB964C19A10446005107D1 /* CLLocation+Bearing.h */ = {isa = PBXFileReference; fileEncoding = 4; lastKnownFileType = sourcecode.c.h; path = "CLLocation+Bearing.h"; sourceTree = "<group>"; };
		7EDB964D19A10446005107D1 /* CLLocation+Bearing.m */ = {isa = PBXFileReference; fileEncoding = 4; lastKnownFileType = sourcecode.c.objc; path = "CLLocation+Bearing.m"; sourceTree = "<group>"; };
		9D9D8A34316E4AEAB82DC150 /* libPods-Mapiz.a */ = {isa = PBXFileReference; explicitFileType = archive.ar; includeInIndex = 0; path = "libPods-Mapiz.a"; sourceTree = BUILT_PRODUCTS_DIR; };
/* End PBXFileReference section */

/* Begin PBXFrameworksBuildPhase section */
		7EAA9D4C1994122A000A8588 /* Frameworks */ = {
			isa = PBXFrameworksBuildPhase;
			buildActionMask = 2147483647;
			files = (
				7EDB961F199801AA005107D1 /* Security.framework in Frameworks */,
				7EDB961A1997F3A9005107D1 /* libsqlite3.dylib in Frameworks */,
				7EAA9D551994122A000A8588 /* CoreGraphics.framework in Frameworks */,
				7EAA9D571994122A000A8588 /* UIKit.framework in Frameworks */,
				7E7BA19D199424010090D9ED /* MapKit.framework in Frameworks */,
				7EAA9D531994122A000A8588 /* Foundation.framework in Frameworks */,
				79B01DE0F56B48A58F9CDFAE /* libPods-Mapiz.a in Frameworks */,
			);
			runOnlyForDeploymentPostprocessing = 0;
		};
		7EAA9D6D1994122A000A8588 /* Frameworks */ = {
			isa = PBXFrameworksBuildPhase;
			buildActionMask = 2147483647;
			files = (
				7EAA9D721994122A000A8588 /* XCTest.framework in Frameworks */,
				7EAA9D741994122A000A8588 /* UIKit.framework in Frameworks */,
				7EAA9D731994122A000A8588 /* Foundation.framework in Frameworks */,
			);
			runOnlyForDeploymentPostprocessing = 0;
		};
/* End PBXFrameworksBuildPhase section */

/* Begin PBXGroup section */
		7E48D63E19A2678800002537 /* iPad */ = {
			isa = PBXGroup;
			children = (
			);
			name = iPad;
			sourceTree = "<group>";
		};
		7E7BA1AC19958AD50090D9ED /* Resources */ = {
			isa = PBXGroup;
			children = (
				7E7BA1BE1995AD5F0090D9ED /* Fonts */,
				7E7BA1AD19958B0A0090D9ED /* Images */,
			);
			name = Resources;
			path = ..;
			sourceTree = "<group>";
		};
		7E7BA1AD19958B0A0090D9ED /* Images */ = {
			isa = PBXGroup;
			children = (
				7E7BA1E019964F3F0090D9ED /* ic_launcher.png */,
				7E7BA1B819958F540090D9ED /* ic_marker_yellow.png */,
				7E7BA1AE19958ECE0090D9ED /* ic_marker_black.png */,
				7E7BA1AF19958ECE0090D9ED /* ic_marker_green.png */,
				7E7BA1B019958ECE0090D9ED /* ic_marker_orange.png */,
				7E7BA1B119958ECE0090D9ED /* ic_marker_purple.png */,
				7E7BA1B219958ECE0090D9ED /* ic_marker_red.png */,
				7E7BA1AA19958AC50090D9ED /* ic_marker_blue.png */,
			);
			name = Images;
			sourceTree = "<group>";
		};
		7E7BA1BA19958FD20090D9ED /* Models */ = {
			isa = PBXGroup;
			children = (
				7E7BA1BB199590700090D9ED /* MapizPin.h */,
				7E7BA1BC199590700090D9ED /* MapizPin.m */,
				7EDB961619978FF9005107D1 /* MapizUser.h */,
				7EDB961719978FF9005107D1 /* MapizUser.m */,
			);
			name = Models;
			sourceTree = "<group>";
		};
		7E7BA1BE1995AD5F0090D9ED /* Fonts */ = {
			isa = PBXGroup;
			children = (
				7E7BA1BF1995AD950090D9ED /* Damion-Regular.ttf */,
				7E7BA1C01995AD950090D9ED /* FontAwesome.ttf */,
				7E7BA1C11995AD950090D9ED /* glyphicons-halflings-regular.ttf */,
				7E7BA1C21995AD950090D9ED /* Glyphicons.ttf */,
				7E7BA1C31995AD950090D9ED /* glyphicons-social-regular.ttf */,
				7E7BA1C41995AD950090D9ED /* octicons.ttf */,
				7E7BA1C51995AD950090D9ED /* weathericons-regular-webfont.ttf */,
			);
			name = Fonts;
			sourceTree = "<group>";
		};
		7E7BA1CD1995B6690090D9ED /* UI */ = {
			isa = PBXGroup;
			children = (
				7E7BA1CE1995B6980090D9ED /* MapizPrimaryImportantButton.h */,
				7E7BA1CF1995B6980090D9ED /* MapizPrimaryImportantButton.m */,
				7E7BA1D119961DF90090D9ED /* MapizPrimaryImportantCircleButton.h */,
				7E7BA1D219961DF90090D9ED /* MapizPrimaryImportantCircleButton.m */,
				7E7BA1E21996A3800090D9ED /* MapizSecondaryImportantButton.h */,
				7E7BA1E31996A3800090D9ED /* MapizSecondaryImportantButton.m */,
				7E7BA1E51996A4DC0090D9ED /* MapizDangerImportantButton.h */,
				7E7BA1E61996A4DC0090D9ED /* MapizDangerImportantButton.m */,
				7EDB96321999729A005107D1 /* ToastView.h */,
				7EDB96331999729A005107D1 /* ToastView.m */,
				7EDB9635199A2CEC005107D1 /* ILTranslucentView.h */,
				7EDB9636199A2CEC005107D1 /* ILTranslucentView.m */,
				7EDB963B199C21C6005107D1 /* UIColor+CustomColors.h */,
				7EDB963C199C21C6005107D1 /* UIColor+CustomColors.m */,
				7EDB9644199E5BD4005107D1 /* MapizAnnotation.h */,
				7EDB9645199E5BD4005107D1 /* MapizAnnotation.m */,
			);
			name = UI;
			sourceTree = "<group>";
		};
		7EAA9D461994122A000A8588 = {
			isa = PBXGroup;
			children = (
				7EAA9D581994122A000A8588 /* Mapiz */,
				7EAA9D771994122A000A8588 /* MapizTests */,
				7EAA9D511994122A000A8588 /* Frameworks */,
				7EAA9D501994122A000A8588 /* Products */,
				1AD132EAA6F74C6C9AAEDB3C /* Pods-Mapiz.xcconfig */,
			);
			sourceTree = "<group>";
		};
		7EAA9D501994122A000A8588 /* Products */ = {
			isa = PBXGroup;
			children = (
				7EAA9D4F1994122A000A8588 /* Mapiz.app */,
				7EAA9D701994122A000A8588 /* MapizTests.xctest */,
			);
			name = Products;
			sourceTree = "<group>";
		};
		7EAA9D511994122A000A8588 /* Frameworks */ = {
			isa = PBXGroup;
			children = (
				7EDB961E199801AA005107D1 /* Security.framework */,
				7EDB96191997F3A9005107D1 /* libsqlite3.dylib */,
				7EDB96141996E55B005107D1 /* IQKeyboardManager.bundle */,
				7E7BA19C199424010090D9ED /* MapKit.framework */,
				7EAA9D521994122A000A8588 /* Foundation.framework */,
				7EAA9D541994122A000A8588 /* CoreGraphics.framework */,
				7EAA9D561994122A000A8588 /* UIKit.framework */,
				7EAA9D711994122A000A8588 /* XCTest.framework */,
				9D9D8A34316E4AEAB82DC150 /* libPods-Mapiz.a */,
			);
			name = Frameworks;
			sourceTree = "<group>";
		};
		7EAA9D581994122A000A8588 /* Mapiz */ = {
			isa = PBXGroup;
			children = (
				7E7BA1CD1995B6690090D9ED /* UI */,
				7E7BA1BA19958FD20090D9ED /* Models */,
				7E7BA1AC19958AD50090D9ED /* Resources */,
				7E48D63E19A2678800002537 /* iPad */,
				7EAA9D611994122A000A8588 /* MapizAppDelegate.h */,
				7EAA9D621994122A000A8588 /* MapizAppDelegate.m */,
				7EAA9D641994122A000A8588 /* Main.storyboard */,
				7EAA9D671994122A000A8588 /* MapizViewController.h */,
				7EAA9D681994122A000A8588 /* MapizViewController.m */,
				7EAA9D6A1994122A000A8588 /* Images.xcassets */,
				7EAA9D591994122A000A8588 /* Supporting Files */,
				7E7BA1A119952A770090D9ED /* MapViewController.h */,
				7E7BA1A219952A770090D9ED /* MapViewController.m */,
				7E7BA1A419953D430090D9ED /* InboxViewController.h */,
				7E7BA1A519953D430090D9ED /* InboxViewController.m */,
				7E7BA1A719954B500090D9ED /* FriendsViewController.h */,
				7E7BA1A819954B500090D9ED /* FriendsViewController.m */,
				7E7BA1D419964DF90090D9ED /* MapizSplashViewController.h */,
				7E7BA1D519964DF90090D9ED /* MapizSplashViewController.m */,
				7E7BA1D719964E2B0090D9ED /* MapizAuthViewController.h */,
				7E7BA1D819964E2B0090D9ED /* MapizAuthViewController.m */,
				7E7BA1DA19964E990090D9ED /* MapizLoginViewController.h */,
				7E7BA1DB19964E990090D9ED /* MapizLoginViewController.m */,
				7E7BA1DD19964EF20090D9ED /* MapizSignupViewController.h */,
				7E7BA1DE19964EF20090D9ED /* MapizSignupViewController.m */,
				7EDB961B1997F3C8005107D1 /* MapizDBManager.h */,
				7EDB961C1997F3C8005107D1 /* MapizDBManager.m */,
				7EDB96231998071C005107D1 /* JNKeychain.h */,
				7EDB96241998071C005107D1 /* JNKeychain.m */,
				7EDB962619980E02005107D1 /* MapizToken.h */,
				7EDB962719980E02005107D1 /* MapizToken.m */,
				7EDB962F199854DE005107D1 /* MapizDDPClient.h */,
				7EDB9630199854DE005107D1 /* MapizDDPClient.m */,
				7EDB963E199C2A4B005107D1 /* MapizPinTableViewCell.h */,
				7EDB963F199C2A4B005107D1 /* MapizPinTableViewCell.m */,
				7EDB9641199E2F3D005107D1 /* MapizPinViewController.h */,
				7EDB9642199E2F3D005107D1 /* MapizPinViewController.m */,
				7EDB9647199F781C005107D1 /* PinView.xib */,
				7EDB9649199F7A6B005107D1 /* MapizPinView.h */,
				7EDB964A199F7A6B005107D1 /* MapizPinView.m */,
				7EDB964C19A10446005107D1 /* CLLocation+Bearing.h */,
				7EDB964D19A10446005107D1 /* CLLocation+Bearing.m */,
				7E48D63C19A2278400002537 /* Strings.strings */,
				7E48D63F19A3613E00002537 /* MapizSettingsViewController.h */,
				7E48D64019A3613E00002537 /* MapizSettingsViewController.m */,
			);
			path = Mapiz;
			sourceTree = "<group>";
		};
		7EAA9D591994122A000A8588 /* Supporting Files */ = {
			isa = PBXGroup;
			children = (
				7EAA9D5A1994122A000A8588 /* Mapiz-Info.plist */,
				7EAA9D5B1994122A000A8588 /* InfoPlist.strings */,
				7EAA9D5E1994122A000A8588 /* main.m */,
				7EAA9D601994122A000A8588 /* Mapiz-Prefix.pch */,
			);
			name = "Supporting Files";
			sourceTree = "<group>";
		};
		7EAA9D771994122A000A8588 /* MapizTests */ = {
			isa = PBXGroup;
			children = (
				7EAA9D7D1994122A000A8588 /* MapizTests.m */,
				7EAA9D781994122A000A8588 /* Supporting Files */,
			);
			path = MapizTests;
			sourceTree = "<group>";
		};
		7EAA9D781994122A000A8588 /* Supporting Files */ = {
			isa = PBXGroup;
			children = (
				7EAA9D791994122A000A8588 /* MapizTests-Info.plist */,
				7EAA9D7A1994122A000A8588 /* InfoPlist.strings */,
			);
			name = "Supporting Files";
			sourceTree = "<group>";
		};
/* End PBXGroup section */

/* Begin PBXNativeTarget section */
		7EAA9D4E1994122A000A8588 /* Mapiz */ = {
			isa = PBXNativeTarget;
			buildConfigurationList = 7EAA9D811994122A000A8588 /* Build configuration list for PBXNativeTarget "Mapiz" */;
			buildPhases = (
				62CF5116B7F945E68827DF9F /* Check Pods Manifest.lock */,
				7EAA9D4B1994122A000A8588 /* Sources */,
				7EAA9D4C1994122A000A8588 /* Frameworks */,
				7EAA9D4D1994122A000A8588 /* Resources */,
				A0AED856ED554514A6AAE338 /* Copy Pods Resources */,
			);
			buildRules = (
			);
			dependencies = (
			);
			name = Mapiz;
			productName = Mapiz;
			productReference = 7EAA9D4F1994122A000A8588 /* Mapiz.app */;
			productType = "com.apple.product-type.application";
		};
		7EAA9D6F1994122A000A8588 /* MapizTests */ = {
			isa = PBXNativeTarget;
			buildConfigurationList = 7EAA9D841994122A000A8588 /* Build configuration list for PBXNativeTarget "MapizTests" */;
			buildPhases = (
				7EAA9D6C1994122A000A8588 /* Sources */,
				7EAA9D6D1994122A000A8588 /* Frameworks */,
				7EAA9D6E1994122A000A8588 /* Resources */,
			);
			buildRules = (
			);
			dependencies = (
				7EAA9D761994122A000A8588 /* PBXTargetDependency */,
			);
			name = MapizTests;
			productName = MapizTests;
			productReference = 7EAA9D701994122A000A8588 /* MapizTests.xctest */;
			productType = "com.apple.product-type.bundle.unit-test";
		};
/* End PBXNativeTarget section */

/* Begin PBXProject section */
		7EAA9D471994122A000A8588 /* Project object */ = {
			isa = PBXProject;
			attributes = {
				CLASSPREFIX = Mapiz;
				LastUpgradeCheck = 0510;
				ORGANIZATIONNAME = Mapiz;
				TargetAttributes = {
					7EAA9D4E1994122A000A8588 = {
						DevelopmentTeam = 5RAFL74D5E;
						SystemCapabilities = {
							com.apple.iOS = {
								enabled = 1;
							};
						};
					};
					7EAA9D6F1994122A000A8588 = {
						TestTargetID = 7EAA9D4E1994122A000A8588;
					};
				};
			};
			buildConfigurationList = 7EAA9D4A1994122A000A8588 /* Build configuration list for PBXProject "Mapiz" */;
			compatibilityVersion = "Xcode 3.2";
			developmentRegion = English;
			hasScannedForEncodings = 0;
			knownRegions = (
				en,
				Base,
			);
			mainGroup = 7EAA9D461994122A000A8588;
			productRefGroup = 7EAA9D501994122A000A8588 /* Products */;
			projectDirPath = "";
			projectRoot = "";
			targets = (
				7EAA9D4E1994122A000A8588 /* Mapiz */,
				7EAA9D6F1994122A000A8588 /* MapizTests */,
			);
		};
/* End PBXProject section */

/* Begin PBXResourcesBuildPhase section */
		7EAA9D4D1994122A000A8588 /* Resources */ = {
			isa = PBXResourcesBuildPhase;
			buildActionMask = 2147483647;
			files = (
				7EAA9D6B1994122A000A8588 /* Images.xcassets in Resources */,
				7E7BA1E119964F3F0090D9ED /* ic_launcher.png in Resources */,
				7E7BA1C91995AD950090D9ED /* Glyphicons.ttf in Resources */,
				7E7BA1C61995AD950090D9ED /* Damion-Regular.ttf in Resources */,
				7E7BA1AB19958AC50090D9ED /* ic_marker_blue.png in Resources */,
				7EAA9D5D1994122A000A8588 /* InfoPlist.strings in Resources */,
				7E7BA1B619958ECE0090D9ED /* ic_marker_purple.png in Resources */,
				7E7BA1B419958ECE0090D9ED /* ic_marker_green.png in Resources */,
				7E7BA1C81995AD950090D9ED /* glyphicons-halflings-regular.ttf in Resources */,
				7E7BA1B719958ECE0090D9ED /* ic_marker_red.png in Resources */,
				7EAA9D661994122A000A8588 /* Main.storyboard in Resources */,
				7E7BA1CB1995AD950090D9ED /* octicons.ttf in Resources */,
				7E7BA1B519958ECE0090D9ED /* ic_marker_orange.png in Resources */,
				7E48D63D19A2278400002537 /* Strings.strings in Resources */,
				7E7BA1C71995AD950090D9ED /* FontAwesome.ttf in Resources */,
				7E7BA1B319958ECE0090D9ED /* ic_marker_black.png in Resources */,
				7E7BA1CC1995AD950090D9ED /* weathericons-regular-webfont.ttf in Resources */,
				7EDB9648199F781C005107D1 /* PinView.xib in Resources */,
				7E7BA1CA1995AD950090D9ED /* glyphicons-social-regular.ttf in Resources */,
				7E7BA1B919958F540090D9ED /* ic_marker_yellow.png in Resources */,
			);
			runOnlyForDeploymentPostprocessing = 0;
		};
		7EAA9D6E1994122A000A8588 /* Resources */ = {
			isa = PBXResourcesBuildPhase;
			buildActionMask = 2147483647;
			files = (
				7EAA9D7C1994122A000A8588 /* InfoPlist.strings in Resources */,
			);
			runOnlyForDeploymentPostprocessing = 0;
		};
/* End PBXResourcesBuildPhase section */

/* Begin PBXShellScriptBuildPhase section */
		62CF5116B7F945E68827DF9F /* Check Pods Manifest.lock */ = {
			isa = PBXShellScriptBuildPhase;
			buildActionMask = 2147483647;
			files = (
			);
			inputPaths = (
			);
			name = "Check Pods Manifest.lock";
			outputPaths = (
			);
			runOnlyForDeploymentPostprocessing = 0;
			shellPath = /bin/sh;
			shellScript = "diff \"${PODS_ROOT}/../Podfile.lock\" \"${PODS_ROOT}/Manifest.lock\" > /dev/null\nif [[ $? != 0 ]] ; then\n    cat << EOM\nerror: The sandbox is not in sync with the Podfile.lock. Run 'pod install' or update your CocoaPods installation.\nEOM\n    exit 1\nfi\n";
			showEnvVarsInLog = 0;
		};
		A0AED856ED554514A6AAE338 /* Copy Pods Resources */ = {
			isa = PBXShellScriptBuildPhase;
			buildActionMask = 2147483647;
			files = (
			);
			inputPaths = (
			);
			name = "Copy Pods Resources";
			outputPaths = (
			);
			runOnlyForDeploymentPostprocessing = 0;
			shellPath = /bin/sh;
			shellScript = "\"${SRCROOT}/Pods/Pods-Mapiz-resources.sh\"\n";
			showEnvVarsInLog = 0;
		};
/* End PBXShellScriptBuildPhase section */

/* Begin PBXSourcesBuildPhase section */
		7EAA9D4B1994122A000A8588 /* Sources */ = {
			isa = PBXSourcesBuildPhase;
			buildActionMask = 2147483647;
			files = (
				7EDB962819980E02005107D1 /* MapizToken.m in Sources */,
				7EDB96341999729A005107D1 /* ToastView.m in Sources */,
				7E7BA1A919954B500090D9ED /* FriendsViewController.m in Sources */,
				7EAA9D631994122A000A8588 /* MapizAppDelegate.m in Sources */,
				7EDB9631199854DE005107D1 /* MapizDDPClient.m in Sources */,
				7EAA9D691994122A000A8588 /* MapizViewController.m in Sources */,
				7E7BA1E41996A3800090D9ED /* MapizSecondaryImportantButton.m in Sources */,
				7E7BA1D619964DF90090D9ED /* MapizSplashViewController.m in Sources */,
				7E7BA1A619953D430090D9ED /* InboxViewController.m in Sources */,
				7EDB961819978FF9005107D1 /* MapizUser.m in Sources */,
				7E7BA1E71996A4DC0090D9ED /* MapizDangerImportantButton.m in Sources */,
				7EDB9637199A2CEC005107D1 /* ILTranslucentView.m in Sources */,
				7EAA9D5F1994122A000A8588 /* main.m in Sources */,
				7EDB96251998071C005107D1 /* JNKeychain.m in Sources */,
				7E48D64119A3613E00002537 /* MapizSettingsViewController.m in Sources */,
				7EDB961D1997F3C8005107D1 /* MapizDBManager.m in Sources */,
				7E7BA1D01995B6980090D9ED /* MapizPrimaryImportantButton.m in Sources */,
				7EDB9643199E2F3D005107D1 /* MapizPinViewController.m in Sources */,
				7EDB963D199C21C6005107D1 /* UIColor+CustomColors.m in Sources */,
				7E7BA1D919964E2B0090D9ED /* MapizAuthViewController.m in Sources */,
				7E7BA1DF19964EF20090D9ED /* MapizSignupViewController.m in Sources */,
				7EDB9646199E5BD4005107D1 /* MapizAnnotation.m in Sources */,
				7E7BA1D319961DF90090D9ED /* MapizPrimaryImportantCircleButton.m in Sources */,
				7E7BA1A319952A770090D9ED /* MapViewController.m in Sources */,
				7EDB9640199C2A4B005107D1 /* MapizPinTableViewCell.m in Sources */,
				7E7BA1DC19964E990090D9ED /* MapizLoginViewController.m in Sources */,
				7E7BA1BD199590700090D9ED /* MapizPin.m in Sources */,
				7EDB964E19A10446005107D1 /* CLLocation+Bearing.m in Sources */,
				7EDB964B199F7A6B005107D1 /* MapizPinView.m in Sources */,
			);
			runOnlyForDeploymentPostprocessing = 0;
		};
		7EAA9D6C1994122A000A8588 /* Sources */ = {
			isa = PBXSourcesBuildPhase;
			buildActionMask = 2147483647;
			files = (
				7EAA9D7E1994122A000A8588 /* MapizTests.m in Sources */,
			);
			runOnlyForDeploymentPostprocessing = 0;
		};
/* End PBXSourcesBuildPhase section */

/* Begin PBXTargetDependency section */
		7EAA9D761994122A000A8588 /* PBXTargetDependency */ = {
			isa = PBXTargetDependency;
			target = 7EAA9D4E1994122A000A8588 /* Mapiz */;
			targetProxy = 7EAA9D751994122A000A8588 /* PBXContainerItemProxy */;
		};
/* End PBXTargetDependency section */

/* Begin PBXVariantGroup section */
		7EAA9D5B1994122A000A8588 /* InfoPlist.strings */ = {
			isa = PBXVariantGroup;
			children = (
				7EAA9D5C1994122A000A8588 /* en */,
			);
			name = InfoPlist.strings;
			sourceTree = "<group>";
		};
		7EAA9D641994122A000A8588 /* Main.storyboard */ = {
			isa = PBXVariantGroup;
			children = (
				7EAA9D651994122A000A8588 /* Base */,
			);
			name = Main.storyboard;
			sourceTree = "<group>";
		};
		7EAA9D7A1994122A000A8588 /* InfoPlist.strings */ = {
			isa = PBXVariantGroup;
			children = (
				7EAA9D7B1994122A000A8588 /* en */,
			);
			name = InfoPlist.strings;
			sourceTree = "<group>";
		};
/* End PBXVariantGroup section */

/* Begin XCBuildConfiguration section */
		7EAA9D7F1994122A000A8588 /* Debug */ = {
			isa = XCBuildConfiguration;
			buildSettings = {
				ALWAYS_SEARCH_USER_PATHS = NO;
				CLANG_CXX_LANGUAGE_STANDARD = "gnu++0x";
				CLANG_CXX_LIBRARY = "libc++";
				CLANG_ENABLE_MODULES = YES;
				CLANG_ENABLE_OBJC_ARC = YES;
				CLANG_WARN_BOOL_CONVERSION = YES;
				CLANG_WARN_CONSTANT_CONVERSION = YES;
				CLANG_WARN_DIRECT_OBJC_ISA_USAGE = YES_ERROR;
				CLANG_WARN_EMPTY_BODY = YES;
				CLANG_WARN_ENUM_CONVERSION = YES;
				CLANG_WARN_INT_CONVERSION = YES;
				CLANG_WARN_OBJC_ROOT_CLASS = YES_ERROR;
				CLANG_WARN__DUPLICATE_METHOD_MATCH = YES;
				"CODE_SIGN_IDENTITY[sdk=iphoneos*]" = "iPhone Developer: Samuel Molinari (6TLUETR5ZU)";
				COPY_PHASE_STRIP = NO;
				GCC_C_LANGUAGE_STANDARD = gnu99;
				GCC_DYNAMIC_NO_PIC = NO;
				GCC_OPTIMIZATION_LEVEL = 0;
				GCC_PREPROCESSOR_DEFINITIONS = (
					"DEBUG=1",
					"$(inherited)",
				);
				GCC_SYMBOLS_PRIVATE_EXTERN = NO;
				GCC_WARN_64_TO_32_BIT_CONVERSION = YES;
				GCC_WARN_ABOUT_RETURN_TYPE = YES_ERROR;
				GCC_WARN_UNDECLARED_SELECTOR = YES;
				GCC_WARN_UNINITIALIZED_AUTOS = YES_AGGRESSIVE;
				GCC_WARN_UNUSED_FUNCTION = YES;
				GCC_WARN_UNUSED_VARIABLE = YES;
				IPHONEOS_DEPLOYMENT_TARGET = 7.1;
				ONLY_ACTIVE_ARCH = YES;
				SDKROOT = iphoneos;
			};
			name = Debug;
		};
		7EAA9D801994122A000A8588 /* Release */ = {
			isa = XCBuildConfiguration;
			buildSettings = {
				ALWAYS_SEARCH_USER_PATHS = NO;
				CLANG_CXX_LANGUAGE_STANDARD = "gnu++0x";
				CLANG_CXX_LIBRARY = "libc++";
				CLANG_ENABLE_MODULES = YES;
				CLANG_ENABLE_OBJC_ARC = YES;
				CLANG_WARN_BOOL_CONVERSION = YES;
				CLANG_WARN_CONSTANT_CONVERSION = YES;
				CLANG_WARN_DIRECT_OBJC_ISA_USAGE = YES_ERROR;
				CLANG_WARN_EMPTY_BODY = YES;
				CLANG_WARN_ENUM_CONVERSION = YES;
				CLANG_WARN_INT_CONVERSION = YES;
				CLANG_WARN_OBJC_ROOT_CLASS = YES_ERROR;
				CLANG_WARN__DUPLICATE_METHOD_MATCH = YES;
				"CODE_SIGN_IDENTITY[sdk=iphoneos*]" = "iPhone Distribution: Samuel Molinari (5RAFL74D5E)";
				COPY_PHASE_STRIP = YES;
				ENABLE_NS_ASSERTIONS = NO;
				GCC_C_LANGUAGE_STANDARD = gnu99;
				GCC_WARN_64_TO_32_BIT_CONVERSION = YES;
				GCC_WARN_ABOUT_RETURN_TYPE = YES_ERROR;
				GCC_WARN_UNDECLARED_SELECTOR = YES;
				GCC_WARN_UNINITIALIZED_AUTOS = YES_AGGRESSIVE;
				GCC_WARN_UNUSED_FUNCTION = YES;
				GCC_WARN_UNUSED_VARIABLE = YES;
				IPHONEOS_DEPLOYMENT_TARGET = 7.1;
				SDKROOT = iphoneos;
				VALIDATE_PRODUCT = YES;
			};
			name = Release;
		};
		7EAA9D821994122A000A8588 /* Debug */ = {
			isa = XCBuildConfiguration;
			baseConfigurationReference = 1AD132EAA6F74C6C9AAEDB3C /* Pods-Mapiz.xcconfig */;
			buildSettings = {
				ASSETCATALOG_COMPILER_APPICON_NAME = AppIcon;
				ASSETCATALOG_COMPILER_LAUNCHIMAGE_NAME = LaunchImage;
				CODE_SIGN_IDENTITY = "iPhone Developer";
				"CODE_SIGN_IDENTITY[sdk=iphoneos*]" = "iPhone Developer: Samuel Molinari (6TLUETR5ZU)";
				GCC_PRECOMPILE_PREFIX_HEADER = YES;
				GCC_PREFIX_HEADER = "Mapiz/Mapiz-Prefix.pch";
				INFOPLIST_FILE = "Mapiz/Mapiz-Info.plist";
				IPHONEOS_DEPLOYMENT_TARGET = 7.1;
				PRODUCT_NAME = "$(TARGET_NAME)";
				PROVISIONING_PROFILE = "";
				TARGETED_DEVICE_FAMILY = 1;
				WRAPPER_EXTENSION = app;
			};
			name = Debug;
		};
		7EAA9D831994122A000A8588 /* Release */ = {
			isa = XCBuildConfiguration;
			baseConfigurationReference = 1AD132EAA6F74C6C9AAEDB3C /* Pods-Mapiz.xcconfig */;
			buildSettings = {
				ASSETCATALOG_COMPILER_APPICON_NAME = AppIcon;
				ASSETCATALOG_COMPILER_LAUNCHIMAGE_NAME = LaunchImage;
				CODE_SIGN_IDENTITY = "iPhone Developer";
				"CODE_SIGN_IDENTITY[sdk=iphoneos*]" = "iPhone Distribution: Samuel Molinari (5RAFL74D5E)";
				GCC_PRECOMPILE_PREFIX_HEADER = YES;
				GCC_PREFIX_HEADER = "Mapiz/Mapiz-Prefix.pch";
				INFOPLIST_FILE = "Mapiz/Mapiz-Info.plist";
				IPHONEOS_DEPLOYMENT_TARGET = 7.1;
				PRODUCT_NAME = "$(TARGET_NAME)";
				PROVISIONING_PROFILE = "";
				TARGETED_DEVICE_FAMILY = 1;
				WRAPPER_EXTENSION = app;
			};
			name = Release;
		};
		7EAA9D851994122A000A8588 /* Debug */ = {
			isa = XCBuildConfiguration;
			buildSettings = {
				BUNDLE_LOADER = "$(BUILT_PRODUCTS_DIR)/Mapiz.app/Mapiz";
				FRAMEWORK_SEARCH_PATHS = (
					"$(SDKROOT)/Developer/Library/Frameworks",
					"$(inherited)",
					"$(DEVELOPER_FRAMEWORKS_DIR)",
				);
				GCC_PRECOMPILE_PREFIX_HEADER = YES;
				GCC_PREFIX_HEADER = "Mapiz/Mapiz-Prefix.pch";
				GCC_PREPROCESSOR_DEFINITIONS = (
					"DEBUG=1",
					"$(inherited)",
				);
				INFOPLIST_FILE = "MapizTests/MapizTests-Info.plist";
				PRODUCT_NAME = "$(TARGET_NAME)";
				TEST_HOST = "$(BUNDLE_LOADER)";
				WRAPPER_EXTENSION = xctest;
			};
			name = Debug;
		};
		7EAA9D861994122A000A8588 /* Release */ = {
			isa = XCBuildConfiguration;
			buildSettings = {
				BUNDLE_LOADER = "$(BUILT_PRODUCTS_DIR)/Mapiz.app/Mapiz";
				FRAMEWORK_SEARCH_PATHS = (
					"$(SDKROOT)/Developer/Library/Frameworks",
					"$(inherited)",
					"$(DEVELOPER_FRAMEWORKS_DIR)",
				);
				GCC_PRECOMPILE_PREFIX_HEADER = YES;
				GCC_PREFIX_HEADER = "Mapiz/Mapiz-Prefix.pch";
				INFOPLIST_FILE = "MapizTests/MapizTests-Info.plist";
				PRODUCT_NAME = "$(TARGET_NAME)";
				TEST_HOST = "$(BUNDLE_LOADER)";
				WRAPPER_EXTENSION = xctest;
			};
			name = Release;
		};
/* End XCBuildConfiguration section */

/* Begin XCConfigurationList section */
		7EAA9D4A1994122A000A8588 /* Build configuration list for PBXProject "Mapiz" */ = {
			isa = XCConfigurationList;
			buildConfigurations = (
				7EAA9D7F1994122A000A8588 /* Debug */,
				7EAA9D801994122A000A8588 /* Release */,
			);
			defaultConfigurationIsVisible = 0;
			defaultConfigurationName = Release;
		};
		7EAA9D811994122A000A8588 /* Build configuration list for PBXNativeTarget "Mapiz" */ = {
			isa = XCConfigurationList;
			buildConfigurations = (
				7EAA9D821994122A000A8588 /* Debug */,
				7EAA9D831994122A000A8588 /* Release */,
			);
			defaultConfigurationIsVisible = 0;
			defaultConfigurationName = Release;
		};
		7EAA9D841994122A000A8588 /* Build configuration list for PBXNativeTarget "MapizTests" */ = {
			isa = XCConfigurationList;
			buildConfigurations = (
				7EAA9D851994122A000A8588 /* Debug */,
				7EAA9D861994122A000A8588 /* Release */,
			);
			defaultConfigurationIsVisible = 0;
			defaultConfigurationName = Release;
		};
/* End XCConfigurationList section */
	};
	rootObject = 7EAA9D471994122A000A8588 /* Project object */;
}
